
Microsoft Visual Studio Solution File, Format Version 12.00
# Visual Studio Version 16
VisualStudioVersion = 16.0.30717.126
MinimumVisualStudioVersion = 10.0.40219.1
Project("{FAE04EC0-301F-11D3-BF4B-00C04F79EFBC}") = "Indian StatesCensusAnalyser", "Indian StatesCensusAnalyser\Indian StatesCensusAnalyser.csproj", "{6AEFE8D3-7A38-4097-8149-AD6F56E358CF}"
EndProject
Global
	GlobalSection(SolutionConfigurationPlatforms) = preSolution
		Debug|Any CPU = Debug|Any CPU
		Release|Any CPU = Release|Any CPU
	EndGlobalSection
	GlobalSection(ProjectConfigurationPlatforms) = postSolution
		{6AEFE8D3-7A38-4097-8149-AD6F56E358CF}.Debug|Any CPU.ActiveCfg = Debug|Any CPU
		{6AEFE8D3-7A38-4097-8149-AD6F56E358CF}.Debug|Any CPU.Build.0 = Debug|Any CPU
		{6AEFE8D3-7A38-4097-8149-AD6F56E358CF}.Release|Any CPU.ActiveCfg = Release|Any CPU
		{6AEFE8D3-7A38-4097-8149-AD6F56E358CF}.Release|Any CPU.Build.0 = Release|Any CPU
	EndGlobalSection
	GlobalSection(SolutionProperties) = preSolution
		HideSolutionNode = FALSE
	EndGlobalSection
	GlobalSection(ExtensibilityGlobals) = postSolution
		SolutionGuid = {F490652D-8D39-457A-89EC-79A39C95E89F}
	EndGlobalSection
EndGlobal
